
Microsoft Visual Studio Solution File, Format Version 12.00
# Visual Studio Version 17
VisualStudioVersion = 17.7.34031.279
MinimumVisualStudioVersion = 10.0.40219.1
Project("{FAE04EC0-301F-11D3-BF4B-00C04F79EFBC}") = "KeyBoard", "KeyBoard\KeyBoard.csproj", "{99D8B6DF-6FA2-443B-B102-84034F796B1B}"
EndProject
Project("{FAE04EC0-301F-11D3-BF4B-00C04F79EFBC}") = "WpfApp1", "WpfApp1\WpfApp1.csproj", "{13183F39-11DF-4C9E-976D-790938849E0A}"
EndProject
Global
	GlobalSection(SolutionConfigurationPlatforms) = preSolution
		Debug|Any CPU = Debug|Any CPU
		Release|Any CPU = Release|Any CPU
	EndGlobalSection
	GlobalSection(ProjectConfigurationPlatforms) = postSolution
		{99D8B6DF-6FA2-443B-B102-84034F796B1B}.Debug|Any CPU.ActiveCfg = Debug|Any CPU
		{99D8B6DF-6FA2-443B-B102-84034F796B1B}.Debug|Any CPU.Build.0 = Debug|Any CPU
		{99D8B6DF-6FA2-443B-B102-84034F796B1B}.Release|Any CPU.ActiveCfg = Release|Any CPU
		{99D8B6DF-6FA2-443B-B102-84034F796B1B}.Release|Any CPU.Build.0 = Release|Any CPU
		{13183F39-11DF-4C9E-976D-790938849E0A}.Debug|Any CPU.ActiveCfg = Debug|Any CPU
		{13183F39-11DF-4C9E-976D-790938849E0A}.Debug|Any CPU.Build.0 = Debug|Any CPU
		{13183F39-11DF-4C9E-976D-790938849E0A}.Release|Any CPU.ActiveCfg = Release|Any CPU
		{13183F39-11DF-4C9E-976D-790938849E0A}.Release|Any CPU.Build.0 = Release|Any CPU
	EndGlobalSection
	GlobalSection(SolutionProperties) = preSolution
		HideSolutionNode = FALSE
	EndGlobalSection
	GlobalSection(ExtensibilityGlobals) = postSolution
		SolutionGuid = {0B6DA3BE-4B7D-409E-A81C-67BF3AAD15A3}
	EndGlobalSection
EndGlobal
